
Microsoft Visual Studio Solution File, Format Version 12.00
# Visual Studio Version 17
VisualStudioVersion = 17.4.33103.184
MinimumVisualStudioVersion = 10.0.40219.1
Project("{FAE04EC0-301F-11D3-BF4B-00C04F79EFBC}") = "Beecrowd1075", "Beecrowd1075\Beecrowd1075.csproj", "{7299B6DA-C7B9-4F17-9463-A91425037A00}"
EndProject
Global
	GlobalSection(SolutionConfigurationPlatforms) = preSolution
		Debug|Any CPU = Debug|Any CPU
		Release|Any CPU = Release|Any CPU
	EndGlobalSection
	GlobalSection(ProjectConfigurationPlatforms) = postSolution
		{7299B6DA-C7B9-4F17-9463-A91425037A00}.Debug|Any CPU.ActiveCfg = Debug|Any CPU
		{7299B6DA-C7B9-4F17-9463-A91425037A00}.Debug|Any CPU.Build.0 = Debug|Any CPU
		{7299B6DA-C7B9-4F17-9463-A91425037A00}.Release|Any CPU.ActiveCfg = Release|Any CPU
		{7299B6DA-C7B9-4F17-9463-A91425037A00}.Release|Any CPU.Build.0 = Release|Any CPU
	EndGlobalSection
	GlobalSection(SolutionProperties) = preSolution
		HideSolutionNode = FALSE
	EndGlobalSection
	GlobalSection(ExtensibilityGlobals) = postSolution
		SolutionGuid = {C4651BE8-F2FC-402E-ACB8-196E2992F203}
	EndGlobalSection
EndGlobal
