
Microsoft Visual Studio Solution File, Format Version 12.00
# Visual Studio Version 17
VisualStudioVersion = 17.4.33103.184
MinimumVisualStudioVersion = 10.0.40219.1
Project("{FAE04EC0-301F-11D3-BF4B-00C04F79EFBC}") = "Beecrowd1051", "Beecrowd1051\Beecrowd1051.csproj", "{B4E909B4-1B24-4895-963A-80DBAE7DFD7D}"
EndProject
Global
	GlobalSection(SolutionConfigurationPlatforms) = preSolution
		Debug|Any CPU = Debug|Any CPU
		Release|Any CPU = Release|Any CPU
	EndGlobalSection
	GlobalSection(ProjectConfigurationPlatforms) = postSolution
		{B4E909B4-1B24-4895-963A-80DBAE7DFD7D}.Debug|Any CPU.ActiveCfg = Debug|Any CPU
		{B4E909B4-1B24-4895-963A-80DBAE7DFD7D}.Debug|Any CPU.Build.0 = Debug|Any CPU
		{B4E909B4-1B24-4895-963A-80DBAE7DFD7D}.Release|Any CPU.ActiveCfg = Release|Any CPU
		{B4E909B4-1B24-4895-963A-80DBAE7DFD7D}.Release|Any CPU.Build.0 = Release|Any CPU
	EndGlobalSection
	GlobalSection(SolutionProperties) = preSolution
		HideSolutionNode = FALSE
	EndGlobalSection
	GlobalSection(ExtensibilityGlobals) = postSolution
		SolutionGuid = {6AE3C153-D6B0-4714-9CC6-3A4BDF6D8E8B}
	EndGlobalSection
EndGlobal
