
Microsoft Visual Studio Solution File, Format Version 12.00
# Visual Studio Version 17
VisualStudioVersion = 17.4.33103.184
MinimumVisualStudioVersion = 10.0.40219.1
Project("{FAE04EC0-301F-11D3-BF4B-00C04F79EFBC}") = "Beecrowd1050", "Beecrowd1050\Beecrowd1050.csproj", "{4F2B51F6-3E8D-4B66-9EA0-41B4239BF559}"
EndProject
Global
	GlobalSection(SolutionConfigurationPlatforms) = preSolution
		Debug|Any CPU = Debug|Any CPU
		Release|Any CPU = Release|Any CPU
	EndGlobalSection
	GlobalSection(ProjectConfigurationPlatforms) = postSolution
		{4F2B51F6-3E8D-4B66-9EA0-41B4239BF559}.Debug|Any CPU.ActiveCfg = Debug|Any CPU
		{4F2B51F6-3E8D-4B66-9EA0-41B4239BF559}.Debug|Any CPU.Build.0 = Debug|Any CPU
		{4F2B51F6-3E8D-4B66-9EA0-41B4239BF559}.Release|Any CPU.ActiveCfg = Release|Any CPU
		{4F2B51F6-3E8D-4B66-9EA0-41B4239BF559}.Release|Any CPU.Build.0 = Release|Any CPU
	EndGlobalSection
	GlobalSection(SolutionProperties) = preSolution
		HideSolutionNode = FALSE
	EndGlobalSection
	GlobalSection(ExtensibilityGlobals) = postSolution
		SolutionGuid = {80CAE75B-FB2F-4055-A026-39C0F396370A}
	EndGlobalSection
EndGlobal
