
Microsoft Visual Studio Solution File, Format Version 12.00
# Visual Studio Version 17
VisualStudioVersion = 17.4.33103.184
MinimumVisualStudioVersion = 10.0.40219.1
Project("{FAE04EC0-301F-11D3-BF4B-00C04F79EFBC}") = "Beecrowd1064", "Beecrowd1064\Beecrowd1064.csproj", "{590EE7B6-77FC-4CE1-98AE-7941F395350F}"
EndProject
Global
	GlobalSection(SolutionConfigurationPlatforms) = preSolution
		Debug|Any CPU = Debug|Any CPU
		Release|Any CPU = Release|Any CPU
	EndGlobalSection
	GlobalSection(ProjectConfigurationPlatforms) = postSolution
		{590EE7B6-77FC-4CE1-98AE-7941F395350F}.Debug|Any CPU.ActiveCfg = Debug|Any CPU
		{590EE7B6-77FC-4CE1-98AE-7941F395350F}.Debug|Any CPU.Build.0 = Debug|Any CPU
		{590EE7B6-77FC-4CE1-98AE-7941F395350F}.Release|Any CPU.ActiveCfg = Release|Any CPU
		{590EE7B6-77FC-4CE1-98AE-7941F395350F}.Release|Any CPU.Build.0 = Release|Any CPU
	EndGlobalSection
	GlobalSection(SolutionProperties) = preSolution
		HideSolutionNode = FALSE
	EndGlobalSection
	GlobalSection(ExtensibilityGlobals) = postSolution
		SolutionGuid = {2BAE5627-5186-4B51-AF35-EFA54825103A}
	EndGlobalSection
EndGlobal
