
Microsoft Visual Studio Solution File, Format Version 12.00
# Visual Studio Version 17
VisualStudioVersion = 17.4.33103.184
MinimumVisualStudioVersion = 10.0.40219.1
Project("{FAE04EC0-301F-11D3-BF4B-00C04F79EFBC}") = "Beecrowd1066", "Beecrowd1066\Beecrowd1066.csproj", "{8FE5BEF9-3F6A-4D96-92F7-8437B29B83DB}"
EndProject
Global
	GlobalSection(SolutionConfigurationPlatforms) = preSolution
		Debug|Any CPU = Debug|Any CPU
		Release|Any CPU = Release|Any CPU
	EndGlobalSection
	GlobalSection(ProjectConfigurationPlatforms) = postSolution
		{8FE5BEF9-3F6A-4D96-92F7-8437B29B83DB}.Debug|Any CPU.ActiveCfg = Debug|Any CPU
		{8FE5BEF9-3F6A-4D96-92F7-8437B29B83DB}.Debug|Any CPU.Build.0 = Debug|Any CPU
		{8FE5BEF9-3F6A-4D96-92F7-8437B29B83DB}.Release|Any CPU.ActiveCfg = Release|Any CPU
		{8FE5BEF9-3F6A-4D96-92F7-8437B29B83DB}.Release|Any CPU.Build.0 = Release|Any CPU
	EndGlobalSection
	GlobalSection(SolutionProperties) = preSolution
		HideSolutionNode = FALSE
	EndGlobalSection
	GlobalSection(ExtensibilityGlobals) = postSolution
		SolutionGuid = {A80B4941-59B1-4428-A2CD-9E3C93BEA41B}
	EndGlobalSection
EndGlobal
