
Microsoft Visual Studio Solution File, Format Version 12.00
# Visual Studio Version 17
VisualStudioVersion = 17.4.33103.184
MinimumVisualStudioVersion = 10.0.40219.1
Project("{FAE04EC0-301F-11D3-BF4B-00C04F79EFBC}") = "Beecrowd1067", "Beecrowd1067\Beecrowd1067.csproj", "{9F570F05-4936-4FCA-A069-C2D292D057D9}"
EndProject
Global
	GlobalSection(SolutionConfigurationPlatforms) = preSolution
		Debug|Any CPU = Debug|Any CPU
		Release|Any CPU = Release|Any CPU
	EndGlobalSection
	GlobalSection(ProjectConfigurationPlatforms) = postSolution
		{9F570F05-4936-4FCA-A069-C2D292D057D9}.Debug|Any CPU.ActiveCfg = Debug|Any CPU
		{9F570F05-4936-4FCA-A069-C2D292D057D9}.Debug|Any CPU.Build.0 = Debug|Any CPU
		{9F570F05-4936-4FCA-A069-C2D292D057D9}.Release|Any CPU.ActiveCfg = Release|Any CPU
		{9F570F05-4936-4FCA-A069-C2D292D057D9}.Release|Any CPU.Build.0 = Release|Any CPU
	EndGlobalSection
	GlobalSection(SolutionProperties) = preSolution
		HideSolutionNode = FALSE
	EndGlobalSection
	GlobalSection(ExtensibilityGlobals) = postSolution
		SolutionGuid = {2AF9D65A-B972-4E09-8A61-9AA00755E7D9}
	EndGlobalSection
EndGlobal
