
Microsoft Visual Studio Solution File, Format Version 12.00
# Visual Studio Version 17
VisualStudioVersion = 17.4.33103.184
MinimumVisualStudioVersion = 10.0.40219.1
Project("{FAE04EC0-301F-11D3-BF4B-00C04F79EFBC}") = "Beecrowd1080", "Beecrowd1080\Beecrowd1080.csproj", "{F51FD829-8E97-4226-9491-11638AF34562}"
EndProject
Global
	GlobalSection(SolutionConfigurationPlatforms) = preSolution
		Debug|Any CPU = Debug|Any CPU
		Release|Any CPU = Release|Any CPU
	EndGlobalSection
	GlobalSection(ProjectConfigurationPlatforms) = postSolution
		{F51FD829-8E97-4226-9491-11638AF34562}.Debug|Any CPU.ActiveCfg = Debug|Any CPU
		{F51FD829-8E97-4226-9491-11638AF34562}.Debug|Any CPU.Build.0 = Debug|Any CPU
		{F51FD829-8E97-4226-9491-11638AF34562}.Release|Any CPU.ActiveCfg = Release|Any CPU
		{F51FD829-8E97-4226-9491-11638AF34562}.Release|Any CPU.Build.0 = Release|Any CPU
	EndGlobalSection
	GlobalSection(SolutionProperties) = preSolution
		HideSolutionNode = FALSE
	EndGlobalSection
	GlobalSection(ExtensibilityGlobals) = postSolution
		SolutionGuid = {227F3C0C-86B1-466F-8EE2-E03A47EAC136}
	EndGlobalSection
EndGlobal
