
Microsoft Visual Studio Solution File, Format Version 12.00
# Visual Studio Version 17
VisualStudioVersion = 17.4.33103.184
MinimumVisualStudioVersion = 10.0.40219.1
Project("{FAE04EC0-301F-11D3-BF4B-00C04F79EFBC}") = "Beecrowd1038", "Beecrowd1038\Beecrowd1038.csproj", "{27C8F291-A4AE-4C0D-811A-D166F740C843}"
EndProject
Global
	GlobalSection(SolutionConfigurationPlatforms) = preSolution
		Debug|Any CPU = Debug|Any CPU
		Release|Any CPU = Release|Any CPU
	EndGlobalSection
	GlobalSection(ProjectConfigurationPlatforms) = postSolution
		{27C8F291-A4AE-4C0D-811A-D166F740C843}.Debug|Any CPU.ActiveCfg = Debug|Any CPU
		{27C8F291-A4AE-4C0D-811A-D166F740C843}.Debug|Any CPU.Build.0 = Debug|Any CPU
		{27C8F291-A4AE-4C0D-811A-D166F740C843}.Release|Any CPU.ActiveCfg = Release|Any CPU
		{27C8F291-A4AE-4C0D-811A-D166F740C843}.Release|Any CPU.Build.0 = Release|Any CPU
	EndGlobalSection
	GlobalSection(SolutionProperties) = preSolution
		HideSolutionNode = FALSE
	EndGlobalSection
	GlobalSection(ExtensibilityGlobals) = postSolution
		SolutionGuid = {A671826A-B3D5-4579-B959-02405E6EAF5A}
	EndGlobalSection
EndGlobal
