
Microsoft Visual Studio Solution File, Format Version 12.00
# Visual Studio Version 17
VisualStudioVersion = 17.4.33103.184
MinimumVisualStudioVersion = 10.0.40219.1
Project("{FAE04EC0-301F-11D3-BF4B-00C04F79EFBC}") = "Beecrowd1131", "Beecrowd1131\Beecrowd1131.csproj", "{74177934-AAAE-4B49-BF54-0C734BE7D820}"
EndProject
Global
	GlobalSection(SolutionConfigurationPlatforms) = preSolution
		Debug|Any CPU = Debug|Any CPU
		Release|Any CPU = Release|Any CPU
	EndGlobalSection
	GlobalSection(ProjectConfigurationPlatforms) = postSolution
		{74177934-AAAE-4B49-BF54-0C734BE7D820}.Debug|Any CPU.ActiveCfg = Debug|Any CPU
		{74177934-AAAE-4B49-BF54-0C734BE7D820}.Debug|Any CPU.Build.0 = Debug|Any CPU
		{74177934-AAAE-4B49-BF54-0C734BE7D820}.Release|Any CPU.ActiveCfg = Release|Any CPU
		{74177934-AAAE-4B49-BF54-0C734BE7D820}.Release|Any CPU.Build.0 = Release|Any CPU
	EndGlobalSection
	GlobalSection(SolutionProperties) = preSolution
		HideSolutionNode = FALSE
	EndGlobalSection
	GlobalSection(ExtensibilityGlobals) = postSolution
		SolutionGuid = {2F51B2E7-101A-4EF9-B6FC-CC3FC2B84884}
	EndGlobalSection
EndGlobal
