
Microsoft Visual Studio Solution File, Format Version 12.00
# Visual Studio Version 17
VisualStudioVersion = 17.4.33103.184
MinimumVisualStudioVersion = 10.0.40219.1
Project("{FAE04EC0-301F-11D3-BF4B-00C04F79EFBC}") = "Beecrowd1061", "Beecrowd1061\Beecrowd1061.csproj", "{3FD6767F-D1CD-4CEF-87E7-6065BABC5787}"
EndProject
Global
	GlobalSection(SolutionConfigurationPlatforms) = preSolution
		Debug|Any CPU = Debug|Any CPU
		Release|Any CPU = Release|Any CPU
	EndGlobalSection
	GlobalSection(ProjectConfigurationPlatforms) = postSolution
		{3FD6767F-D1CD-4CEF-87E7-6065BABC5787}.Debug|Any CPU.ActiveCfg = Debug|Any CPU
		{3FD6767F-D1CD-4CEF-87E7-6065BABC5787}.Debug|Any CPU.Build.0 = Debug|Any CPU
		{3FD6767F-D1CD-4CEF-87E7-6065BABC5787}.Release|Any CPU.ActiveCfg = Release|Any CPU
		{3FD6767F-D1CD-4CEF-87E7-6065BABC5787}.Release|Any CPU.Build.0 = Release|Any CPU
	EndGlobalSection
	GlobalSection(SolutionProperties) = preSolution
		HideSolutionNode = FALSE
	EndGlobalSection
	GlobalSection(ExtensibilityGlobals) = postSolution
		SolutionGuid = {63670412-6487-4701-9E57-C3D6FB0A1C30}
	EndGlobalSection
EndGlobal
