
Microsoft Visual Studio Solution File, Format Version 12.00
# Visual Studio Version 17
VisualStudioVersion = 17.4.33103.184
MinimumVisualStudioVersion = 10.0.40219.1
Project("{FAE04EC0-301F-11D3-BF4B-00C04F79EFBC}") = "Beecrowd1021", "Beecrowd1021\Beecrowd1021.csproj", "{61517308-9D89-4741-999D-036E2A120FD5}"
EndProject
Global
	GlobalSection(SolutionConfigurationPlatforms) = preSolution
		Debug|Any CPU = Debug|Any CPU
		Release|Any CPU = Release|Any CPU
	EndGlobalSection
	GlobalSection(ProjectConfigurationPlatforms) = postSolution
		{61517308-9D89-4741-999D-036E2A120FD5}.Debug|Any CPU.ActiveCfg = Debug|Any CPU
		{61517308-9D89-4741-999D-036E2A120FD5}.Debug|Any CPU.Build.0 = Debug|Any CPU
		{61517308-9D89-4741-999D-036E2A120FD5}.Release|Any CPU.ActiveCfg = Release|Any CPU
		{61517308-9D89-4741-999D-036E2A120FD5}.Release|Any CPU.Build.0 = Release|Any CPU
	EndGlobalSection
	GlobalSection(SolutionProperties) = preSolution
		HideSolutionNode = FALSE
	EndGlobalSection
	GlobalSection(ExtensibilityGlobals) = postSolution
		SolutionGuid = {0ADC8CAC-BBCB-4BF6-9F67-55E19175A551}
	EndGlobalSection
EndGlobal
