
Microsoft Visual Studio Solution File, Format Version 12.00
# Visual Studio Version 17
VisualStudioVersion = 17.4.33103.184
MinimumVisualStudioVersion = 10.0.40219.1
Project("{FAE04EC0-301F-11D3-BF4B-00C04F79EFBC}") = "Beecrowd1079", "Beecrowd1079\Beecrowd1079.csproj", "{0764F915-5A86-4ADA-8979-9ACDC3A07C62}"
EndProject
Global
	GlobalSection(SolutionConfigurationPlatforms) = preSolution
		Debug|Any CPU = Debug|Any CPU
		Release|Any CPU = Release|Any CPU
	EndGlobalSection
	GlobalSection(ProjectConfigurationPlatforms) = postSolution
		{0764F915-5A86-4ADA-8979-9ACDC3A07C62}.Debug|Any CPU.ActiveCfg = Debug|Any CPU
		{0764F915-5A86-4ADA-8979-9ACDC3A07C62}.Debug|Any CPU.Build.0 = Debug|Any CPU
		{0764F915-5A86-4ADA-8979-9ACDC3A07C62}.Release|Any CPU.ActiveCfg = Release|Any CPU
		{0764F915-5A86-4ADA-8979-9ACDC3A07C62}.Release|Any CPU.Build.0 = Release|Any CPU
	EndGlobalSection
	GlobalSection(SolutionProperties) = preSolution
		HideSolutionNode = FALSE
	EndGlobalSection
	GlobalSection(ExtensibilityGlobals) = postSolution
		SolutionGuid = {7EC41E54-4C4F-40B6-A01B-5AB64F764CEE}
	EndGlobalSection
EndGlobal
