
Microsoft Visual Studio Solution File, Format Version 12.00
# Visual Studio Version 17
VisualStudioVersion = 17.4.33103.184
MinimumVisualStudioVersion = 10.0.40219.1
Project("{FAE04EC0-301F-11D3-BF4B-00C04F79EFBC}") = "Beecrowd1059", "Beecrowd1059\Beecrowd1059.csproj", "{D28A0F12-0100-4DF6-A6DE-40294D21F494}"
EndProject
Global
	GlobalSection(SolutionConfigurationPlatforms) = preSolution
		Debug|Any CPU = Debug|Any CPU
		Release|Any CPU = Release|Any CPU
	EndGlobalSection
	GlobalSection(ProjectConfigurationPlatforms) = postSolution
		{D28A0F12-0100-4DF6-A6DE-40294D21F494}.Debug|Any CPU.ActiveCfg = Debug|Any CPU
		{D28A0F12-0100-4DF6-A6DE-40294D21F494}.Debug|Any CPU.Build.0 = Debug|Any CPU
		{D28A0F12-0100-4DF6-A6DE-40294D21F494}.Release|Any CPU.ActiveCfg = Release|Any CPU
		{D28A0F12-0100-4DF6-A6DE-40294D21F494}.Release|Any CPU.Build.0 = Release|Any CPU
	EndGlobalSection
	GlobalSection(SolutionProperties) = preSolution
		HideSolutionNode = FALSE
	EndGlobalSection
	GlobalSection(ExtensibilityGlobals) = postSolution
		SolutionGuid = {0C103F6D-0A1B-445E-A272-2A6200C77EBF}
	EndGlobalSection
EndGlobal
