
Microsoft Visual Studio Solution File, Format Version 12.00
# Visual Studio Version 17
VisualStudioVersion = 17.4.33103.184
MinimumVisualStudioVersion = 10.0.40219.1
Project("{FAE04EC0-301F-11D3-BF4B-00C04F79EFBC}") = "Beecrowd1013", "Beecrowd1013\Beecrowd1013.csproj", "{32BD33A5-93AF-4540-AA04-70DDF5B1063F}"
EndProject
Global
	GlobalSection(SolutionConfigurationPlatforms) = preSolution
		Debug|Any CPU = Debug|Any CPU
		Release|Any CPU = Release|Any CPU
	EndGlobalSection
	GlobalSection(ProjectConfigurationPlatforms) = postSolution
		{32BD33A5-93AF-4540-AA04-70DDF5B1063F}.Debug|Any CPU.ActiveCfg = Debug|Any CPU
		{32BD33A5-93AF-4540-AA04-70DDF5B1063F}.Debug|Any CPU.Build.0 = Debug|Any CPU
		{32BD33A5-93AF-4540-AA04-70DDF5B1063F}.Release|Any CPU.ActiveCfg = Release|Any CPU
		{32BD33A5-93AF-4540-AA04-70DDF5B1063F}.Release|Any CPU.Build.0 = Release|Any CPU
	EndGlobalSection
	GlobalSection(SolutionProperties) = preSolution
		HideSolutionNode = FALSE
	EndGlobalSection
	GlobalSection(ExtensibilityGlobals) = postSolution
		SolutionGuid = {3D267E85-9A38-4DBA-9CC3-5647692227A3}
	EndGlobalSection
EndGlobal
