
Microsoft Visual Studio Solution File, Format Version 12.00
# Visual Studio Version 17
VisualStudioVersion = 17.4.33103.184
MinimumVisualStudioVersion = 10.0.40219.1
Project("{FAE04EC0-301F-11D3-BF4B-00C04F79EFBC}") = "Beecrowd1011", "Beecrowd1011\Beecrowd1011.csproj", "{94B46360-E7E8-41F3-BBA4-B8ECCF98045D}"
EndProject
Global
	GlobalSection(SolutionConfigurationPlatforms) = preSolution
		Debug|Any CPU = Debug|Any CPU
		Release|Any CPU = Release|Any CPU
	EndGlobalSection
	GlobalSection(ProjectConfigurationPlatforms) = postSolution
		{94B46360-E7E8-41F3-BBA4-B8ECCF98045D}.Debug|Any CPU.ActiveCfg = Debug|Any CPU
		{94B46360-E7E8-41F3-BBA4-B8ECCF98045D}.Debug|Any CPU.Build.0 = Debug|Any CPU
		{94B46360-E7E8-41F3-BBA4-B8ECCF98045D}.Release|Any CPU.ActiveCfg = Release|Any CPU
		{94B46360-E7E8-41F3-BBA4-B8ECCF98045D}.Release|Any CPU.Build.0 = Release|Any CPU
	EndGlobalSection
	GlobalSection(SolutionProperties) = preSolution
		HideSolutionNode = FALSE
	EndGlobalSection
	GlobalSection(ExtensibilityGlobals) = postSolution
		SolutionGuid = {E4F2C80A-F2B8-4225-BC37-B4F93215B295}
	EndGlobalSection
EndGlobal
