
Microsoft Visual Studio Solution File, Format Version 12.00
# Visual Studio Version 17
VisualStudioVersion = 17.4.33103.184
MinimumVisualStudioVersion = 10.0.40219.1
Project("{FAE04EC0-301F-11D3-BF4B-00C04F79EFBC}") = "Beecrowd1020", "Beecrowd1020\Beecrowd1020.csproj", "{0861BF29-C33D-4DC3-94A5-16F5DDF39013}"
EndProject
Global
	GlobalSection(SolutionConfigurationPlatforms) = preSolution
		Debug|Any CPU = Debug|Any CPU
		Release|Any CPU = Release|Any CPU
	EndGlobalSection
	GlobalSection(ProjectConfigurationPlatforms) = postSolution
		{0861BF29-C33D-4DC3-94A5-16F5DDF39013}.Debug|Any CPU.ActiveCfg = Debug|Any CPU
		{0861BF29-C33D-4DC3-94A5-16F5DDF39013}.Debug|Any CPU.Build.0 = Debug|Any CPU
		{0861BF29-C33D-4DC3-94A5-16F5DDF39013}.Release|Any CPU.ActiveCfg = Release|Any CPU
		{0861BF29-C33D-4DC3-94A5-16F5DDF39013}.Release|Any CPU.Build.0 = Release|Any CPU
	EndGlobalSection
	GlobalSection(SolutionProperties) = preSolution
		HideSolutionNode = FALSE
	EndGlobalSection
	GlobalSection(ExtensibilityGlobals) = postSolution
		SolutionGuid = {CE94099D-F3FB-4E83-A39E-E10F563A6CBE}
	EndGlobalSection
EndGlobal
