
Microsoft Visual Studio Solution File, Format Version 12.00
# Visual Studio Version 17
VisualStudioVersion = 17.4.33103.184
MinimumVisualStudioVersion = 10.0.40219.1
Project("{FAE04EC0-301F-11D3-BF4B-00C04F79EFBC}") = "Beecrowd1008", "Beecrowd1008\Beecrowd1008.csproj", "{6FFA87B8-537D-48BB-B875-B91E2D75EAD6}"
EndProject
Global
	GlobalSection(SolutionConfigurationPlatforms) = preSolution
		Debug|Any CPU = Debug|Any CPU
		Release|Any CPU = Release|Any CPU
	EndGlobalSection
	GlobalSection(ProjectConfigurationPlatforms) = postSolution
		{6FFA87B8-537D-48BB-B875-B91E2D75EAD6}.Debug|Any CPU.ActiveCfg = Debug|Any CPU
		{6FFA87B8-537D-48BB-B875-B91E2D75EAD6}.Debug|Any CPU.Build.0 = Debug|Any CPU
		{6FFA87B8-537D-48BB-B875-B91E2D75EAD6}.Release|Any CPU.ActiveCfg = Release|Any CPU
		{6FFA87B8-537D-48BB-B875-B91E2D75EAD6}.Release|Any CPU.Build.0 = Release|Any CPU
	EndGlobalSection
	GlobalSection(SolutionProperties) = preSolution
		HideSolutionNode = FALSE
	EndGlobalSection
	GlobalSection(ExtensibilityGlobals) = postSolution
		SolutionGuid = {641E54F9-DB66-4BA5-A611-2BC3653B4264}
	EndGlobalSection
EndGlobal
