
Microsoft Visual Studio Solution File, Format Version 12.00
# Visual Studio Version 17
VisualStudioVersion = 17.4.33103.184
MinimumVisualStudioVersion = 10.0.40219.1
Project("{FAE04EC0-301F-11D3-BF4B-00C04F79EFBC}") = "Beecrowd1018", "Beecrowd1018\Beecrowd1018.csproj", "{9ED0371E-5B35-459E-8C63-2A5F6EA3C740}"
EndProject
Global
	GlobalSection(SolutionConfigurationPlatforms) = preSolution
		Debug|Any CPU = Debug|Any CPU
		Release|Any CPU = Release|Any CPU
	EndGlobalSection
	GlobalSection(ProjectConfigurationPlatforms) = postSolution
		{9ED0371E-5B35-459E-8C63-2A5F6EA3C740}.Debug|Any CPU.ActiveCfg = Debug|Any CPU
		{9ED0371E-5B35-459E-8C63-2A5F6EA3C740}.Debug|Any CPU.Build.0 = Debug|Any CPU
		{9ED0371E-5B35-459E-8C63-2A5F6EA3C740}.Release|Any CPU.ActiveCfg = Release|Any CPU
		{9ED0371E-5B35-459E-8C63-2A5F6EA3C740}.Release|Any CPU.Build.0 = Release|Any CPU
	EndGlobalSection
	GlobalSection(SolutionProperties) = preSolution
		HideSolutionNode = FALSE
	EndGlobalSection
	GlobalSection(ExtensibilityGlobals) = postSolution
		SolutionGuid = {47C9BF5B-8AB4-48B8-B70B-70C5862FB2DD}
	EndGlobalSection
EndGlobal
