
Microsoft Visual Studio Solution File, Format Version 12.00
# Visual Studio Version 17
VisualStudioVersion = 17.4.33103.184
MinimumVisualStudioVersion = 10.0.40219.1
Project("{FAE04EC0-301F-11D3-BF4B-00C04F79EFBC}") = "Beecrowd1115", "Beecrowd1115\Beecrowd1115.csproj", "{1DDA8CDE-527A-4ACB-A0AC-BCBD28C12E88}"
EndProject
Global
	GlobalSection(SolutionConfigurationPlatforms) = preSolution
		Debug|Any CPU = Debug|Any CPU
		Release|Any CPU = Release|Any CPU
	EndGlobalSection
	GlobalSection(ProjectConfigurationPlatforms) = postSolution
		{1DDA8CDE-527A-4ACB-A0AC-BCBD28C12E88}.Debug|Any CPU.ActiveCfg = Debug|Any CPU
		{1DDA8CDE-527A-4ACB-A0AC-BCBD28C12E88}.Debug|Any CPU.Build.0 = Debug|Any CPU
		{1DDA8CDE-527A-4ACB-A0AC-BCBD28C12E88}.Release|Any CPU.ActiveCfg = Release|Any CPU
		{1DDA8CDE-527A-4ACB-A0AC-BCBD28C12E88}.Release|Any CPU.Build.0 = Release|Any CPU
	EndGlobalSection
	GlobalSection(SolutionProperties) = preSolution
		HideSolutionNode = FALSE
	EndGlobalSection
	GlobalSection(ExtensibilityGlobals) = postSolution
		SolutionGuid = {B8CD6128-713E-4CDF-A697-4046A82A8135}
	EndGlobalSection
EndGlobal
